# Custom binary build
network: bonusblock
folder: '.bonusblock'
daemon: bonus-blockd
chain_id: 'blocktopia-01'
node_version: 'v0.1.39'
repo: https://github.com/BBlockLabs/BonusBlock-chain
genesis: https://anode.team/BonusBlock/test/genesis.json
peers: 'd1b0bc188408a7ea559ab083488f58dd51c1a6cc@144.91.66.143:29656'
custom_port_prefix: 193
denom: ubonus

# [Optional] Snapshot
snapshot_hour: 11
snapshot_minute: 0
